// !$*UTF8*$!
{
	archiveVersion = 1;
	classes = {
	};
	objectVersion = 56;
	objects = {

/* Begin PBXBuildFile section */
		F14583A72C50947300A219ED /* oaCoreMLApp.swift in Sources */ = {isa = PBXBuildFile; fileRef = F14583A62C50947300A219ED /* oaCoreMLApp.swift */; };
		F14583A92C50947300A219ED /* ContentView.swift in Sources */ = {isa = PBXBuildFile; fileRef = F14583A82C50947300A219ED /* ContentView.swift */; };
		F14583AB2C50947400A219ED /* Assets.xcassets in Resources */ = {isa = PBXBuildFile; fileRef = F14583AA2C50947400A219ED /* Assets.xcassets */; };
		F14583AE2C50947400A219ED /* Preview Assets.xcassets in Resources */ = {isa = PBXBuildFile; fileRef = F14583AD2C50947400A219ED /* Preview Assets.xcassets */; };
		F14583B92C50947400A219ED /* oaCoreMLTests.swift in Sources */ = {isa = PBXBuildFile; fileRef = F14583B82C50947400A219ED /* oaCoreMLTests.swift */; };
		F14583C32C50947400A219ED /* oaCoreMLUITests.swift in Sources */ = {isa = PBXBuildFile; fileRef = F14583C22C50947400A219ED /* oaCoreMLUITests.swift */; };
		F14583C52C50947400A219ED /* oaCoreMLUITestsLaunchTests.swift in Sources */ = {isa = PBXBuildFile; fileRef = F14583C42C50947400A219ED /* oaCoreMLUITestsLaunchTests.swift */; };
/* End PBXBuildFile section */

/* Begin PBXContainerItemProxy section */
		F14583B52C50947400A219ED /* PBXContainerItemProxy */ = {
			isa = PBXContainerItemProxy;
			containerPortal = F145839B2C50947300A219ED /* Project object */;
			proxyType = 1;
			remoteGlobalIDString = F14583A22C50947300A219ED;
			remoteInfo = oaCoreML;
		};
		F14583BF2C50947400A219ED /* PBXContainerItemProxy */ = {
			isa = PBXContainerItemProxy;
			containerPortal = F145839B2C50947300A219ED /* Project object */;
			proxyType = 1;
			remoteGlobalIDString = F14583A22C50947300A219ED;
			remoteInfo = oaCoreML;
		};
/* End PBXContainerItemProxy section */

/* Begin PBXFileReference section */
		F14583A32C50947300A219ED /* oaCoreML.app */ = {isa = PBXFileReference; explicitFileType = wrapper.application; includeInIndex = 0; path = oaCoreML.app; sourceTree = BUILT_PRODUCTS_DIR; };
		F14583A62C50947300A219ED /* oaCoreMLApp.swift */ = {isa = PBXFileReference; lastKnownFileType = sourcecode.swift; path = oaCoreMLApp.swift; sourceTree = "<group>"; };
		F14583A82C50947300A219ED /* ContentView.swift */ = {isa = PBXFileReference; lastKnownFileType = sourcecode.swift; path = ContentView.swift; sourceTree = "<group>"; };
		F14583AA2C50947400A219ED /* Assets.xcassets */ = {isa = PBXFileReference; lastKnownFileType = folder.assetcatalog; path = Assets.xcassets; sourceTree = "<group>"; };
		F14583AD2C50947400A219ED /* Preview Assets.xcassets */ = {isa = PBXFileReference; lastKnownFileType = folder.assetcatalog; path = "Preview Assets.xcassets"; sourceTree = "<group>"; };
		F14583AF2C50947400A219ED /* oaCoreML.entitlements */ = {isa = PBXFileReference; lastKnownFileType = text.plist.entitlements; path = oaCoreML.entitlements; sourceTree = "<group>"; };
		F14583B42C50947400A219ED /* oaCoreMLTests.xctest */ = {isa = PBXFileReference; explicitFileType = wrapper.cfbundle; includeInIndex = 0; path = oaCoreMLTests.xctest; sourceTree = BUILT_PRODUCTS_DIR; };
		F14583B82C50947400A219ED /* oaCoreMLTests.swift */ = {isa = PBXFileReference; lastKnownFileType = sourcecode.swift; path = oaCoreMLTests.swift; sourceTree = "<group>"; };
		F14583BE2C50947400A219ED /* oaCoreMLUITests.xctest */ = {isa = PBXFileReference; explicitFileType = wrapper.cfbundle; includeInIndex = 0; path = oaCoreMLUITests.xctest; sourceTree = BUILT_PRODUCTS_DIR; };
		F14583C22C50947400A219ED /* oaCoreMLUITests.swift */ = {isa = PBXFileReference; lastKnownFileType = sourcecode.swift; path = oaCoreMLUITests.swift; sourceTree = "<group>"; };
		F14583C42C50947400A219ED /* oaCoreMLUITestsLaunchTests.swift */ = {isa = PBXFileReference; lastKnownFileType = sourcecode.swift; path = oaCoreMLUITestsLaunchTests.swift; sourceTree = "<group>"; };
/* End PBXFileReference section */

/* Begin PBXFrameworksBuildPhase section */
		F14583A02C50947300A219ED /* Frameworks */ = {
			isa = PBXFrameworksBuildPhase;
			buildActionMask = 2147483647;
			files = (
			);
			runOnlyForDeploymentPostprocessing = 0;
		};
		F14583B12C50947400A219ED /* Frameworks */ = {
			isa = PBXFrameworksBuildPhase;
			buildActionMask = 2147483647;
			files = (
			);
			runOnlyForDeploymentPostprocessing = 0;
		};
		F14583BB2C50947400A219ED /* Frameworks */ = {
			isa = PBXFrameworksBuildPhase;
			buildActionMask = 2147483647;
			files = (
			);
			runOnlyForDeploymentPostprocessing = 0;
		};
/* End PBXFrameworksBuildPhase section */

/* Begin PBXGroup section */
		F145839A2C50947300A219ED = {
			isa = PBXGroup;
			children = (
				F14583A52C50947300A219ED /* oaCoreML */,
				F14583B72C50947400A219ED /* oaCoreMLTests */,
				F14583C12C50947400A219ED /* oaCoreMLUITests */,
				F14583A42C50947300A219ED /* Products */,
			);
			sourceTree = "<group>";
		};
		F14583A42C50947300A219ED /* Products */ = {
			isa = PBXGroup;
			children = (
				F14583A32C50947300A219ED /* oaCoreML.app */,
				F14583B42C50947400A219ED /* oaCoreMLTests.xctest */,
				F14583BE2C50947400A219ED /* oaCoreMLUITests.xctest */,
			);
			name = Products;
			sourceTree = "<group>";
		};
		F14583A52C50947300A219ED /* oaCoreML */ = {
			isa = PBXGroup;
			children = (
				F14583A62C50947300A219ED /* oaCoreMLApp.swift */,
				F14583A82C50947300A219ED /* ContentView.swift */,
				F14583AA2C50947400A219ED /* Assets.xcassets */,
				F14583AF2C50947400A219ED /* oaCoreML.entitlements */,
				F14583AC2C50947400A219ED /* Preview Content */,
			);
			path = oaCoreML;
			sourceTree = "<group>";
		};
		F14583AC2C50947400A219ED /* Preview Content */ = {
			isa = PBXGroup;
			children = (
				F14583AD2C50947400A219ED /* Preview Assets.xcassets */,
			);
			path = "Preview Content";
			sourceTree = "<group>";
		};
		F14583B72C50947400A219ED /* oaCoreMLTests */ = {
			isa = PBXGroup;
			children = (
				F14583B82C50947400A219ED /* oaCoreMLTests.swift */,
			);
			path = oaCoreMLTests;
			sourceTree = "<group>";
		};
		F14583C12C50947400A219ED /* oaCoreMLUITests */ = {
			isa = PBXGroup;
			children = (
				F14583C22C50947400A219ED /* oaCoreMLUITests.swift */,
				F14583C42C50947400A219ED /* oaCoreMLUITestsLaunchTests.swift */,
			);
			path = oaCoreMLUITests;
			sourceTree = "<group>";
		};
/* End PBXGroup section */

/* Begin PBXNativeTarget section */
		F14583A22C50947300A219ED /* oaCoreML */ = {
			isa = PBXNativeTarget;
			buildConfigurationList = F14583C82C50947400A219ED /* Build configuration list for PBXNativeTarget "oaCoreML" */;
			buildPhases = (
				F145839F2C50947300A219ED /* Sources */,
				F14583A02C50947300A219ED /* Frameworks */,
				F14583A12C50947300A219ED /* Resources */,
			);
			buildRules = (
			);
			dependencies = (
			);
			name = oaCoreML;
			productName = oaCoreML;
			productReference = F14583A32C50947300A219ED /* oaCoreML.app */;
			productType = "com.apple.product-type.application";
		};
		F14583B32C50947400A219ED /* oaCoreMLTests */ = {
			isa = PBXNativeTarget;
			buildConfigurationList = F14583CB2C50947400A219ED /* Build configuration list for PBXNativeTarget "oaCoreMLTests" */;
			buildPhases = (
				F14583B02C50947400A219ED /* Sources */,
				F14583B12C50947400A219ED /* Frameworks */,
				F14583B22C50947400A219ED /* Resources */,
			);
			buildRules = (
			);
			dependencies = (
				F14583B62C50947400A219ED /* PBXTargetDependency */,
			);
			name = oaCoreMLTests;
			productName = oaCoreMLTests;
			productReference = F14583B42C50947400A219ED /* oaCoreMLTests.xctest */;
			productType = "com.apple.product-type.bundle.unit-test";
		};
		F14583BD2C50947400A219ED /* oaCoreMLUITests */ = {
			isa = PBXNativeTarget;
			buildConfigurationList = F14583CE2C50947400A219ED /* Build configuration list for PBXNativeTarget "oaCoreMLUITests" */;
			buildPhases = (
				F14583BA2C50947400A219ED /* Sources */,
				F14583BB2C50947400A219ED /* Frameworks */,
				F14583BC2C50947400A219ED /* Resources */,
			);
			buildRules = (
			);
			dependencies = (
				F14583C02C50947400A219ED /* PBXTargetDependency */,
			);
			name = oaCoreMLUITests;
			productName = oaCoreMLUITests;
			productReference = F14583BE2C50947400A219ED /* oaCoreMLUITests.xctest */;
			productType = "com.apple.product-type.bundle.ui-testing";
		};
/* End PBXNativeTarget section */

/* Begin PBXProject section */
		F145839B2C50947300A219ED /* Project object */ = {
			isa = PBXProject;
			attributes = {
				BuildIndependentTargetsInParallel = 1;
				LastSwiftUpdateCheck = 1540;
				LastUpgradeCheck = 1540;
				TargetAttributes = {
					F14583A22C50947300A219ED = {
						CreatedOnToolsVersion = 15.4;
					};
					F14583B32C50947400A219ED = {
						CreatedOnToolsVersion = 15.4;
						TestTargetID = F14583A22C50947300A219ED;
					};
					F14583BD2C50947400A219ED = {
						CreatedOnToolsVersion = 15.4;
						TestTargetID = F14583A22C50947300A219ED;
					};
				};
			};
			buildConfigurationList = F145839E2C50947300A219ED /* Build configuration list for PBXProject "oaCoreML" */;
			compatibilityVersion = "Xcode 14.0";
			developmentRegion = en;
			hasScannedForEncodings = 0;
			knownRegions = (
				en,
				Base,
			);
			mainGroup = F145839A2C50947300A219ED;
			productRefGroup = F14583A42C50947300A219ED /* Products */;
			projectDirPath = "";
			projectRoot = "";
			targets = (
				F14583A22C50947300A219ED /* oaCoreML */,
				F14583B32C50947400A219ED /* oaCoreMLTests */,
				F14583BD2C50947400A219ED /* oaCoreMLUITests */,
			);
		};
/* End PBXProject section */

/* Begin PBXResourcesBuildPhase section */
		F14583A12C50947300A219ED /* Resources */ = {
			isa = PBXResourcesBuildPhase;
			buildActionMask = 2147483647;
			files = (
				F14583AE2C50947400A219ED /* Preview Assets.xcassets in Resources */,
				F14583AB2C50947400A219ED /* Assets.xcassets in Resources */,
			);
			runOnlyForDeploymentPostprocessing = 0;
		};
		F14583B22C50947400A219ED /* Resources */ = {
			isa = PBXResourcesBuildPhase;
			buildActionMask = 2147483647;
			files = (
			);
			runOnlyForDeploymentPostprocessing = 0;
		};
		F14583BC2C50947400A219ED /* Resources */ = {
			isa = PBXResourcesBuildPhase;
			buildActionMask = 2147483647;
			files = (
			);
			runOnlyForDeploymentPostprocessing = 0;
		};
/* End PBXResourcesBuildPhase section */

/* Begin PBXSourcesBuildPhase section */
		F145839F2C50947300A219ED /* Sources */ = {
			isa = PBXSourcesBuildPhase;
			buildActionMask = 2147483647;
			files = (
				F14583A92C50947300A219ED /* ContentView.swift in Sources */,
				F14583A72C50947300A219ED /* oaCoreMLApp.swift in Sources */,
			);
			runOnlyForDeploymentPostprocessing = 0;
		};
		F14583B02C50947400A219ED /* Sources */ = {
			isa = PBXSourcesBuildPhase;
			buildActionMask = 2147483647;
			files = (
				F14583B92C50947400A219ED /* oaCoreMLTests.swift in Sources */,
			);
			runOnlyForDeploymentPostprocessing = 0;
		};
		F14583BA2C50947400A219ED /* Sources */ = {
			isa = PBXSourcesBuildPhase;
			buildActionMask = 2147483647;
			files = (
				F14583C52C50947400A219ED /* oaCoreMLUITestsLaunchTests.swift in Sources */,
				F14583C32C50947400A219ED /* oaCoreMLUITests.swift in Sources */,
			);
			runOnlyForDeploymentPostprocessing = 0;
		};
/* End PBXSourcesBuildPhase section */

/* Begin PBXTargetDependency section */
		F14583B62C50947400A219ED /* PBXTargetDependency */ = {
			isa = PBXTargetDependency;
			target = F14583A22C50947300A219ED /* oaCoreML */;
			targetProxy = F14583B52C50947400A219ED /* PBXContainerItemProxy */;
		};
		F14583C02C50947400A219ED /* PBXTargetDependency */ = {
			isa = PBXTargetDependency;
			target = F14583A22C50947300A219ED /* oaCoreML */;
			targetProxy = F14583BF2C50947400A219ED /* PBXContainerItemProxy */;
		};
/* End PBXTargetDependency section */

/* Begin XCBuildConfiguration section */
		F14583C62C50947400A219ED /* Debug */ = {
			isa = XCBuildConfiguration;
			buildSettings = {
				ALWAYS_SEARCH_USER_PATHS = NO;
				ASSETCATALOG_COMPILER_GENERATE_SWIFT_ASSET_SYMBOL_EXTENSIONS = YES;
				CLANG_ANALYZER_NONNULL = YES;
				CLANG_ANALYZER_NUMBER_OBJECT_CONVERSION = YES_AGGRESSIVE;
				CLANG_CXX_LANGUAGE_STANDARD = "gnu++20";
				CLANG_ENABLE_MODULES = YES;
				CLANG_ENABLE_OBJC_ARC = YES;
				CLANG_ENABLE_OBJC_WEAK = YES;
				CLANG_WARN_BLOCK_CAPTURE_AUTORELEASING = YES;
				CLANG_WARN_BOOL_CONVERSION = YES;
				CLANG_WARN_COMMA = YES;
				CLANG_WARN_CONSTANT_CONVERSION = YES;
				CLANG_WARN_DEPRECATED_OBJC_IMPLEMENTATIONS = YES;
				CLANG_WARN_DIRECT_OBJC_ISA_USAGE = YES_ERROR;
				CLANG_WARN_DOCUMENTATION_COMMENTS = YES;
				CLANG_WARN_EMPTY_BODY = YES;
				CLANG_WARN_ENUM_CONVERSION = YES;
				CLANG_WARN_INFINITE_RECURSION = YES;
				CLANG_WARN_INT_CONVERSION = YES;
				CLANG_WARN_NON_LITERAL_NULL_CONVERSION = YES;
				CLANG_WARN_OBJC_IMPLICIT_RETAIN_SELF = YES;
				CLANG_WARN_OBJC_LITERAL_CONVERSION = YES;
				CLANG_WARN_OBJC_ROOT_CLASS = YES_ERROR;
				CLANG_WARN_QUOTED_INCLUDE_IN_FRAMEWORK_HEADER = YES;
				CLANG_WARN_RANGE_LOOP_ANALYSIS = YES;
				CLANG_WARN_STRICT_PROTOTYPES = YES;
				CLANG_WARN_SUSPICIOUS_MOVE = YES;
				CLANG_WARN_UNGUARDED_AVAILABILITY = YES_AGGRESSIVE;
				CLANG_WARN_UNREACHABLE_CODE = YES;
				CLANG_WARN__DUPLICATE_METHOD_MATCH = YES;
				COPY_PHASE_STRIP = NO;
				DEBUG_INFORMATION_FORMAT = dwarf;
				ENABLE_STRICT_OBJC_MSGSEND = YES;
				ENABLE_TESTABILITY = YES;
				ENABLE_USER_SCRIPT_SANDBOXING = YES;
				GCC_C_LANGUAGE_STANDARD = gnu17;
				GCC_DYNAMIC_NO_PIC = NO;
				GCC_NO_COMMON_BLOCKS = YES;
				GCC_OPTIMIZATION_LEVEL = 0;
				GCC_PREPROCESSOR_DEFINITIONS = (
					"DEBUG=1",
					"$(inherited)",
				);
				GCC_WARN_64_TO_32_BIT_CONVERSION = YES;
				GCC_WARN_ABOUT_RETURN_TYPE = YES_ERROR;
				GCC_WARN_UNDECLARED_SELECTOR = YES;
				GCC_WARN_UNINITIALIZED_AUTOS = YES_AGGRESSIVE;
				GCC_WARN_UNUSED_FUNCTION = YES;
				GCC_WARN_UNUSED_VARIABLE = YES;
				LOCALIZATION_PREFERS_STRING_CATALOGS = YES;
				MACOSX_DEPLOYMENT_TARGET = 14.5;
				MTL_ENABLE_DEBUG_INFO = INCLUDE_SOURCE;
				MTL_FAST_MATH = YES;
				ONLY_ACTIVE_ARCH = YES;
				SDKROOT = macosx;
				SWIFT_ACTIVE_COMPILATION_CONDITIONS = "DEBUG $(inherited)";
				SWIFT_OPTIMIZATION_LEVEL = "-Onone";
			};
			name = Debug;
		};
		F14583C72C50947400A219ED /* Release */ = {
			isa = XCBuildConfiguration;
			buildSettings = {
				ALWAYS_SEARCH_USER_PATHS = NO;
				ASSETCATALOG_COMPILER_GENERATE_SWIFT_ASSET_SYMBOL_EXTENSIONS = YES;
				CLANG_ANALYZER_NONNULL = YES;
				CLANG_ANALYZER_NUMBER_OBJECT_CONVERSION = YES_AGGRESSIVE;
				CLANG_CXX_LANGUAGE_STANDARD = "gnu++20";
				CLANG_ENABLE_MODULES = YES;
				CLANG_ENABLE_OBJC_ARC = YES;
				CLANG_ENABLE_OBJC_WEAK = YES;
				CLANG_WARN_BLOCK_CAPTURE_AUTORELEASING = YES;
				CLANG_WARN_BOOL_CONVERSION = YES;
				CLANG_WARN_COMMA = YES;
				CLANG_WARN_CONSTANT_CONVERSION = YES;
				CLANG_WARN_DEPRECATED_OBJC_IMPLEMENTATIONS = YES;
				CLANG_WARN_DIRECT_OBJC_ISA_USAGE = YES_ERROR;
				CLANG_WARN_DOCUMENTATION_COMMENTS = YES;
				CLANG_WARN_EMPTY_BODY = YES;
				CLANG_WARN_ENUM_CONVERSION = YES;
				CLANG_WARN_INFINITE_RECURSION = YES;
				CLANG_WARN_INT_CONVERSION = YES;
				CLANG_WARN_NON_LITERAL_NULL_CONVERSION = YES;
				CLANG_WARN_OBJC_IMPLICIT_RETAIN_SELF = YES;
				CLANG_WARN_OBJC_LITERAL_CONVERSION = YES;
				CLANG_WARN_OBJC_ROOT_CLASS = YES_ERROR;
				CLANG_WARN_QUOTED_INCLUDE_IN_FRAMEWORK_HEADER = YES;
				CLANG_WARN_RANGE_LOOP_ANALYSIS = YES;
				CLANG_WARN_STRICT_PROTOTYPES = YES;
				CLANG_WARN_SUSPICIOUS_MOVE = YES;
				CLANG_WARN_UNGUARDED_AVAILABILITY = YES_AGGRESSIVE;
				CLANG_WARN_UNREACHABLE_CODE = YES;
				CLANG_WARN__DUPLICATE_METHOD_MATCH = YES;
				COPY_PHASE_STRIP = NO;
				DEBUG_INFORMATION_FORMAT = "dwarf-with-dsym";
				ENABLE_NS_ASSERTIONS = NO;
				ENABLE_STRICT_OBJC_MSGSEND = YES;
				ENABLE_USER_SCRIPT_SANDBOXING = YES;
				GCC_C_LANGUAGE_STANDARD = gnu17;
				GCC_NO_COMMON_BLOCKS = YES;
				GCC_WARN_64_TO_32_BIT_CONVERSION = YES;
				GCC_WARN_ABOUT_RETURN_TYPE = YES_ERROR;
				GCC_WARN_UNDECLARED_SELECTOR = YES;
				GCC_WARN_UNINITIALIZED_AUTOS = YES_AGGRESSIVE;
				GCC_WARN_UNUSED_FUNCTION = YES;
				GCC_WARN_UNUSED_VARIABLE = YES;
				LOCALIZATION_PREFERS_STRING_CATALOGS = YES;
				MACOSX_DEPLOYMENT_TARGET = 14.5;
				MTL_ENABLE_DEBUG_INFO = NO;
				MTL_FAST_MATH = YES;
				SDKROOT = macosx;
				SWIFT_COMPILATION_MODE = wholemodule;
			};
			name = Release;
		};
		F14583C92C50947400A219ED /* Debug */ = {
			isa = XCBuildConfiguration;
			buildSettings = {
				ASSETCATALOG_COMPILER_APPICON_NAME = AppIcon;
				ASSETCATALOG_COMPILER_GLOBAL_ACCENT_COLOR_NAME = AccentColor;
				CODE_SIGN_ENTITLEMENTS = oaCoreML/oaCoreML.entitlements;
				CODE_SIGN_STYLE = Automatic;
				COMBINE_HIDPI_IMAGES = YES;
				CURRENT_PROJECT_VERSION = 1;
				DEVELOPMENT_ASSET_PATHS = "\"oaCoreML/Preview Content\"";
				DEVELOPMENT_TEAM = GC9B8DN6Q4;
				ENABLE_HARDENED_RUNTIME = YES;
				ENABLE_PREVIEWS = YES;
				GENERATE_INFOPLIST_FILE = YES;
				INFOPLIST_KEY_NSHumanReadableCopyright = "";
				LD_RUNPATH_SEARCH_PATHS = (
					"$(inherited)",
					"@executable_path/../Frameworks",
				);
				MARKETING_VERSION = 1.0;
				PRODUCT_BUNDLE_IDENTIFIER = ca.orangead.oaCoreML;
				PRODUCT_NAME = "$(TARGET_NAME)";
				SWIFT_EMIT_LOC_STRINGS = YES;
				SWIFT_VERSION = 5.0;
			};
			name = Debug;
		};
		F14583CA2C50947400A219ED /* Release */ = {
			isa = XCBuildConfiguration;
			buildSettings = {
				ASSETCATALOG_COMPILER_APPICON_NAME = AppIcon;
				ASSETCATALOG_COMPILER_GLOBAL_ACCENT_COLOR_NAME = AccentColor;
				CODE_SIGN_ENTITLEMENTS = oaCoreML/oaCoreML.entitlements;
				CODE_SIGN_STYLE = Automatic;
				COMBINE_HIDPI_IMAGES = YES;
				CURRENT_PROJECT_VERSION = 1;
				DEVELOPMENT_ASSET_PATHS = "\"oaCoreML/Preview Content\"";
				DEVELOPMENT_TEAM = GC9B8DN6Q4;
				ENABLE_HARDENED_RUNTIME = YES;
				ENABLE_PREVIEWS = YES;
				GENERATE_INFOPLIST_FILE = YES;
				INFOPLIST_KEY_NSHumanReadableCopyright = "";
				LD_RUNPATH_SEARCH_PATHS = (
					"$(inherited)",
					"@executable_path/../Frameworks",
				);
				MARKETING_VERSION = 1.0;
				PRODUCT_BUNDLE_IDENTIFIER = ca.orangead.oaCoreML;
				PRODUCT_NAME = "$(TARGET_NAME)";
				SWIFT_EMIT_LOC_STRINGS = YES;
				SWIFT_VERSION = 5.0;
			};
			name = Release;
		};
		F14583CC2C50947400A219ED /* Debug */ = {
			isa = XCBuildConfiguration;
			buildSettings = {
				ALWAYS_EMBED_SWIFT_STANDARD_LIBRARIES = YES;
				BUNDLE_LOADER = "$(TEST_HOST)";
				CODE_SIGN_STYLE = Automatic;
				CURRENT_PROJECT_VERSION = 1;
				DEVELOPMENT_TEAM = GC9B8DN6Q4;
				GENERATE_INFOPLIST_FILE = YES;
				MACOSX_DEPLOYMENT_TARGET = 14.5;
				MARKETING_VERSION = 1.0;
				PRODUCT_BUNDLE_IDENTIFIER = ca.orangead.oaCoreMLTests;
				PRODUCT_NAME = "$(TARGET_NAME)";
				SWIFT_EMIT_LOC_STRINGS = NO;
				SWIFT_VERSION = 5.0;
				TEST_HOST = "$(BUILT_PRODUCTS_DIR)/oaCoreML.app/$(BUNDLE_EXECUTABLE_FOLDER_PATH)/oaCoreML";
			};
			name = Debug;
		};
		F14583CD2C50947400A219ED /* Release */ = {
			isa = XCBuildConfiguration;
			buildSettings = {
				ALWAYS_EMBED_SWIFT_STANDARD_LIBRARIES = YES;
				BUNDLE_LOADER = "$(TEST_HOST)";
				CODE_SIGN_STYLE = Automatic;
				CURRENT_PROJECT_VERSION = 1;
				DEVELOPMENT_TEAM = GC9B8DN6Q4;
				GENERATE_INFOPLIST_FILE = YES;
				MACOSX_DEPLOYMENT_TARGET = 14.5;
				MARKETING_VERSION = 1.0;
				PRODUCT_BUNDLE_IDENTIFIER = ca.orangead.oaCoreMLTests;
				PRODUCT_NAME = "$(TARGET_NAME)";
				SWIFT_EMIT_LOC_STRINGS = NO;
				SWIFT_VERSION = 5.0;
				TEST_HOST = "$(BUILT_PRODUCTS_DIR)/oaCoreML.app/$(BUNDLE_EXECUTABLE_FOLDER_PATH)/oaCoreML";
			};
			name = Release;
		};
		F14583CF2C50947400A219ED /* Debug */ = {
			isa = XCBuildConfiguration;
			buildSettings = {
				ALWAYS_EMBED_SWIFT_STANDARD_LIBRARIES = YES;
				CODE_SIGN_STYLE = Automatic;
				CURRENT_PROJECT_VERSION = 1;
				DEVELOPMENT_TEAM = GC9B8DN6Q4;
				GENERATE_INFOPLIST_FILE = YES;
				MARKETING_VERSION = 1.0;
				PRODUCT_BUNDLE_IDENTIFIER = ca.orangead.oaCoreMLUITests;
				PRODUCT_NAME = "$(TARGET_NAME)";
				SWIFT_EMIT_LOC_STRINGS = NO;
				SWIFT_VERSION = 5.0;
				TEST_TARGET_NAME = oaCoreML;
			};
			name = Debug;
		};
		F14583D02C50947400A219ED /* Release */ = {
			isa = XCBuildConfiguration;
			buildSettings = {
				ALWAYS_EMBED_SWIFT_STANDARD_LIBRARIES = YES;
				CODE_SIGN_STYLE = Automatic;
				CURRENT_PROJECT_VERSION = 1;
				DEVELOPMENT_TEAM = GC9B8DN6Q4;
				GENERATE_INFOPLIST_FILE = YES;
				MARKETING_VERSION = 1.0;
				PRODUCT_BUNDLE_IDENTIFIER = ca.orangead.oaCoreMLUITests;
				PRODUCT_NAME = "$(TARGET_NAME)";
				SWIFT_EMIT_LOC_STRINGS = NO;
				SWIFT_VERSION = 5.0;
				TEST_TARGET_NAME = oaCoreML;
			};
			name = Release;
		};
/* End XCBuildConfiguration section */

/* Begin XCConfigurationList section */
		F145839E2C50947300A219ED /* Build configuration list for PBXProject "oaCoreML" */ = {
			isa = XCConfigurationList;
			buildConfigurations = (
				F14583C62C50947400A219ED /* Debug */,
				F14583C72C50947400A219ED /* Release */,
			);
			defaultConfigurationIsVisible = 0;
			defaultConfigurationName = Release;
		};
		F14583C82C50947400A219ED /* Build configuration list for PBXNativeTarget "oaCoreML" */ = {
			isa = XCConfigurationList;
			buildConfigurations = (
				F14583C92C50947400A219ED /* Debug */,
				F14583CA2C50947400A219ED /* Release */,
			);
			defaultConfigurationIsVisible = 0;
			defaultConfigurationName = Release;
		};
		F14583CB2C50947400A219ED /* Build configuration list for PBXNativeTarget "oaCoreMLTests" */ = {
			isa = XCConfigurationList;
			buildConfigurations = (
				F14583CC2C50947400A219ED /* Debug */,
				F14583CD2C50947400A219ED /* Release */,
			);
			defaultConfigurationIsVisible = 0;
			defaultConfigurationName = Release;
		};
		F14583CE2C50947400A219ED /* Build configuration list for PBXNativeTarget "oaCoreMLUITests" */ = {
			isa = XCConfigurationList;
			buildConfigurations = (
				F14583CF2C50947400A219ED /* Debug */,
				F14583D02C50947400A219ED /* Release */,
			);
			defaultConfigurationIsVisible = 0;
			defaultConfigurationName = Release;
		};
/* End XCConfigurationList section */
	};
	rootObject = F145839B2C50947300A219ED /* Project object */;
}
